
Microsoft Visual Studio Solution File, Format Version 12.00
# Visual Studio 2013
VisualStudioVersion = 12.0.30501.0
MinimumVisualStudioVersion = 10.0.40219.1
Project("{FAE04EC0-301F-11D3-BF4B-00C04F79EFBC}") = "LifePerformance_StanWulms_S23", "LifePerformance_StanWulms_S23\LifePerformance_StanWulms_S23.csproj", "{7237750A-58C2-445E-9393-617B518CCB07}"
EndProject
Project("{FAE04EC0-301F-11D3-BF4B-00C04F79EFBC}") = "UnitTestLP_StanWulms_S23", "UnitTestLP_StanWulms_S23\UnitTestLP_StanWulms_S23.csproj", "{29B53F9F-7BFB-4355-82B8-1C4E5A3C735B}"
EndProject
Global
	GlobalSection(SolutionConfigurationPlatforms) = preSolution
		Debug|Any CPU = Debug|Any CPU
		Release|Any CPU = Release|Any CPU
	EndGlobalSection
	GlobalSection(ProjectConfigurationPlatforms) = postSolution
		{7237750A-58C2-445E-9393-617B518CCB07}.Debug|Any CPU.ActiveCfg = Debug|Any CPU
		{7237750A-58C2-445E-9393-617B518CCB07}.Debug|Any CPU.Build.0 = Debug|Any CPU
		{7237750A-58C2-445E-9393-617B518CCB07}.Release|Any CPU.ActiveCfg = Release|Any CPU
		{7237750A-58C2-445E-9393-617B518CCB07}.Release|Any CPU.Build.0 = Release|Any CPU
		{29B53F9F-7BFB-4355-82B8-1C4E5A3C735B}.Debug|Any CPU.ActiveCfg = Debug|Any CPU
		{29B53F9F-7BFB-4355-82B8-1C4E5A3C735B}.Debug|Any CPU.Build.0 = Debug|Any CPU
		{29B53F9F-7BFB-4355-82B8-1C4E5A3C735B}.Release|Any CPU.ActiveCfg = Release|Any CPU
		{29B53F9F-7BFB-4355-82B8-1C4E5A3C735B}.Release|Any CPU.Build.0 = Release|Any CPU
	EndGlobalSection
	GlobalSection(SolutionProperties) = preSolution
		HideSolutionNode = FALSE
	EndGlobalSection
EndGlobal
